
Microsoft Visual Studio Solution File, Format Version 12.00
# Visual Studio 15
VisualStudioVersion = 15.0.27703.2035
MinimumVisualStudioVersion = 10.0.40219.1
Project("{FAE04EC0-301F-11D3-BF4B-00C04F79EFBC}") = "App1.Android", "App1\App1.Android\App1.Android.csproj", "{DADCE431-6C44-4FF3-B8B8-457A2D64F8FD}"
EndProject
Project("{FAE04EC0-301F-11D3-BF4B-00C04F79EFBC}") = "App1.iOS", "App1\App1.iOS\App1.iOS.csproj", "{1A84ADB0-20C2-45D2-97EF-004928447760}"
EndProject
Project("{FAE04EC0-301F-11D3-BF4B-00C04F79EFBC}") = "App1.UWP", "App1\App1.UWP\App1.UWP.csproj", "{4B5D3B47-BD98-484F-AFF0-4E8640B38555}"
EndProject
Project("{FAE04EC0-301F-11D3-BF4B-00C04F79EFBC}") = "App1", "App1\App1\App1.csproj", "{5EACD828-591A-4961-9CEE-A7A33DA09D59}"
EndProject
Global
	GlobalSection(SolutionConfigurationPlatforms) = preSolution
		Ad-Hoc|Any CPU = Ad-Hoc|Any CPU
		Ad-Hoc|ARM = Ad-Hoc|ARM
		Ad-Hoc|iPhone = Ad-Hoc|iPhone
		Ad-Hoc|iPhoneSimulator = Ad-Hoc|iPhoneSimulator
		Ad-Hoc|x64 = Ad-Hoc|x64
		Ad-Hoc|x86 = Ad-Hoc|x86
		AppStore|Any CPU = AppStore|Any CPU
		AppStore|ARM = AppStore|ARM
		AppStore|iPhone = AppStore|iPhone
		AppStore|iPhoneSimulator = AppStore|iPhoneSimulator
		AppStore|x64 = AppStore|x64
		AppStore|x86 = AppStore|x86
		Debug|Any CPU = Debug|Any CPU
		Debug|ARM = Debug|ARM
		Debug|iPhone = Debug|iPhone
		Debug|iPhoneSimulator = Debug|iPhoneSimulator
		Debug|x64 = Debug|x64
		Debug|x86 = Debug|x86
		Release|Any CPU = Release|Any CPU
		Release|ARM = Release|ARM
		Release|iPhone = Release|iPhone
		Release|iPhoneSimulator = Release|iPhoneSimulator
		Release|x64 = Release|x64
		Release|x86 = Release|x86
	EndGlobalSection
	GlobalSection(ProjectConfigurationPlatforms) = postSolution
		{DADCE431-6C44-4FF3-B8B8-457A2D64F8FD}.Ad-Hoc|Any CPU.ActiveCfg = Release|Any CPU
		{DADCE431-6C44-4FF3-B8B8-457A2D64F8FD}.Ad-Hoc|Any CPU.Build.0 = Release|Any CPU
		{DADCE431-6C44-4FF3-B8B8-457A2D64F8FD}.Ad-Hoc|Any CPU.Deploy.0 = Release|Any CPU
		{DADCE431-6C44-4FF3-B8B8-457A2D64F8FD}.Ad-Hoc|ARM.ActiveCfg = Release|Any CPU
		{DADCE431-6C44-4FF3-B8B8-457A2D64F8FD}.Ad-Hoc|ARM.Build.0 = Release|Any CPU
		{DADCE431-6C44-4FF3-B8B8-457A2D64F8FD}.Ad-Hoc|ARM.Deploy.0 = Release|Any CPU
		{DADCE431-6C44-4FF3-B8B8-457A2D64F8FD}.Ad-Hoc|iPhone.ActiveCfg = Release|Any CPU
		{DADCE431-6C44-4FF3-B8B8-457A2D64F8FD}.Ad-Hoc|iPhone.Build.0 = Release|Any CPU
		{DADCE431-6C44-4FF3-B8B8-457A2D64F8FD}.Ad-Hoc|iPhone.Deploy.0 = Release|Any CPU
		{DADCE431-6C44-4FF3-B8B8-457A2D64F8FD}.Ad-Hoc|iPhoneSimulator.ActiveCfg = Release|Any CPU
		{DADCE431-6C44-4FF3-B8B8-457A2D64F8FD}.Ad-Hoc|iPhoneSimulator.Build.0 = Release|Any CPU
		{DADCE431-6C44-4FF3-B8B8-457A2D64F8FD}.Ad-Hoc|iPhoneSimulator.Deploy.0 = Release|Any CPU
		{DADCE431-6C44-4FF3-B8B8-457A2D64F8FD}.Ad-Hoc|x64.ActiveCfg = Release|Any CPU
		{DADCE431-6C44-4FF3-B8B8-457A2D64F8FD}.Ad-Hoc|x64.Build.0 = Release|Any CPU
		{DADCE431-6C44-4FF3-B8B8-457A2D64F8FD}.Ad-Hoc|x64.Deploy.0 = Release|Any CPU
		{DADCE431-6C44-4FF3-B8B8-457A2D64F8FD}.Ad-Hoc|x86.ActiveCfg = Release|Any CPU
		{DADCE431-6C44-4FF3-B8B8-457A2D64F8FD}.Ad-Hoc|x86.Build.0 = Release|Any CPU
		{DADCE431-6C44-4FF3-B8B8-457A2D64F8FD}.Ad-Hoc|x86.Deploy.0 = Release|Any CPU
		{DADCE431-6C44-4FF3-B8B8-457A2D64F8FD}.AppStore|Any CPU.ActiveCfg = Release|Any CPU
		{DADCE431-6C44-4FF3-B8B8-457A2D64F8FD}.AppStore|Any CPU.Build.0 = Release|Any CPU
		{DADCE431-6C44-4FF3-B8B8-457A2D64F8FD}.AppStore|Any CPU.Deploy.0 = Release|Any CPU
		{DADCE431-6C44-4FF3-B8B8-457A2D64F8FD}.AppStore|ARM.ActiveCfg = Release|Any CPU
		{DADCE431-6C44-4FF3-B8B8-457A2D64F8FD}.AppStore|ARM.Build.0 = Release|Any CPU
		{DADCE431-6C44-4FF3-B8B8-457A2D64F8FD}.AppStore|ARM.Deploy.0 = Release|Any CPU
		{DADCE431-6C44-4FF3-B8B8-457A2D64F8FD}.AppStore|iPhone.ActiveCfg = Release|Any CPU
		{DADCE431-6C44-4FF3-B8B8-457A2D64F8FD}.AppStore|iPhone.Build.0 = Release|Any CPU
		{DADCE431-6C44-4FF3-B8B8-457A2D64F8FD}.AppStore|iPhone.Deploy.0 = Release|Any CPU
		{DADCE431-6C44-4FF3-B8B8-457A2D64F8FD}.AppStore|iPhoneSimulator.ActiveCfg = Release|Any CPU
		{DADCE431-6C44-4FF3-B8B8-457A2D64F8FD}.AppStore|iPhoneSimulator.Build.0 = Release|Any CPU
		{DADCE431-6C44-4FF3-B8B8-457A2D64F8FD}.AppStore|iPhoneSimulator.Deploy.0 = Release|Any CPU
		{DADCE431-6C44-4FF3-B8B8-457A2D64F8FD}.AppStore|x64.ActiveCfg = Release|Any CPU
		{DADCE431-6C44-4FF3-B8B8-457A2D64F8FD}.AppStore|x64.Build.0 = Release|Any CPU
		{DADCE431-6C44-4FF3-B8B8-457A2D64F8FD}.AppStore|x64.Deploy.0 = Release|Any CPU
		{DADCE431-6C44-4FF3-B8B8-457A2D64F8FD}.AppStore|x86.ActiveCfg = Release|Any CPU
		{DADCE431-6C44-4FF3-B8B8-457A2D64F8FD}.AppStore|x86.Build.0 = Release|Any CPU
		{DADCE431-6C44-4FF3-B8B8-457A2D64F8FD}.AppStore|x86.Deploy.0 = Release|Any CPU
		{DADCE431-6C44-4FF3-B8B8-457A2D64F8FD}.Debug|Any CPU.ActiveCfg = Debug|Any CPU
		{DADCE431-6C44-4FF3-B8B8-457A2D64F8FD}.Debug|Any CPU.Build.0 = Debug|Any CPU
		{DADCE431-6C44-4FF3-B8B8-457A2D64F8FD}.Debug|Any CPU.Deploy.0 = Debug|Any CPU
		{DADCE431-6C44-4FF3-B8B8-457A2D64F8FD}.Debug|ARM.ActiveCfg = Debug|Any CPU
		{DADCE431-6C44-4FF3-B8B8-457A2D64F8FD}.Debug|ARM.Build.0 = Debug|Any CPU
		{DADCE431-6C44-4FF3-B8B8-457A2D64F8FD}.Debug|ARM.Deploy.0 = Debug|Any CPU
		{DADCE431-6C44-4FF3-B8B8-457A2D64F8FD}.Debug|iPhone.ActiveCfg = Debug|Any CPU
		{DADCE431-6C44-4FF3-B8B8-457A2D64F8FD}.Debug|iPhone.Build.0 = Debug|Any CPU
		{DADCE431-6C44-4FF3-B8B8-457A2D64F8FD}.Debug|iPhone.Deploy.0 = Debug|Any CPU
		{DADCE431-6C44-4FF3-B8B8-457A2D64F8FD}.Debug|iPhoneSimulator.ActiveCfg = Debug|Any CPU
		{DADCE431-6C44-4FF3-B8B8-457A2D64F8FD}.Debug|iPhoneSimulator.Build.0 = Debug|Any CPU
		{DADCE431-6C44-4FF3-B8B8-457A2D64F8FD}.Debug|iPhoneSimulator.Deploy.0 = Debug|Any CPU
		{DADCE431-6C44-4FF3-B8B8-457A2D64F8FD}.Debug|x64.ActiveCfg = Debug|Any CPU
		{DADCE431-6C44-4FF3-B8B8-457A2D64F8FD}.Debug|x64.Build.0 = Debug|Any CPU
		{DADCE431-6C44-4FF3-B8B8-457A2D64F8FD}.Debug|x64.Deploy.0 = Debug|Any CPU
		{DADCE431-6C44-4FF3-B8B8-457A2D64F8FD}.Debug|x86.ActiveCfg = Debug|Any CPU
		{DADCE431-6C44-4FF3-B8B8-457A2D64F8FD}.Debug|x86.Build.0 = Debug|Any CPU
		{DADCE431-6C44-4FF3-B8B8-457A2D64F8FD}.Debug|x86.Deploy.0 = Debug|Any CPU
		{DADCE431-6C44-4FF3-B8B8-457A2D64F8FD}.Release|Any CPU.ActiveCfg = Release|Any CPU
		{DADCE431-6C44-4FF3-B8B8-457A2D64F8FD}.Release|Any CPU.Build.0 = Release|Any CPU
		{DADCE431-6C44-4FF3-B8B8-457A2D64F8FD}.Release|Any CPU.Deploy.0 = Release|Any CPU
		{DADCE431-6C44-4FF3-B8B8-457A2D64F8FD}.Release|ARM.ActiveCfg = Release|Any CPU
		{DADCE431-6C44-4FF3-B8B8-457A2D64F8FD}.Release|ARM.Build.0 = Release|Any CPU
		{DADCE431-6C44-4FF3-B8B8-457A2D64F8FD}.Release|ARM.Deploy.0 = Release|Any CPU
		{DADCE431-6C44-4FF3-B8B8-457A2D64F8FD}.Release|iPhone.ActiveCfg = Release|Any CPU
		{DADCE431-6C44-4FF3-B8B8-457A2D64F8FD}.Release|iPhone.Build.0 = Release|Any CPU
		{DADCE431-6C44-4FF3-B8B8-457A2D64F8FD}.Release|iPhone.Deploy.0 = Release|Any CPU
		{DADCE431-6C44-4FF3-B8B8-457A2D64F8FD}.Release|iPhoneSimulator.ActiveCfg = Release|Any CPU
		{DADCE431-6C44-4FF3-B8B8-457A2D64F8FD}.Release|iPhoneSimulator.Build.0 = Release|Any CPU
		{DADCE431-6C44-4FF3-B8B8-457A2D64F8FD}.Release|iPhoneSimulator.Deploy.0 = Release|Any CPU
		{DADCE431-6C44-4FF3-B8B8-457A2D64F8FD}.Release|x64.ActiveCfg = Release|Any CPU
		{DADCE431-6C44-4FF3-B8B8-457A2D64F8FD}.Release|x64.Build.0 = Release|Any CPU
		{DADCE431-6C44-4FF3-B8B8-457A2D64F8FD}.Release|x64.Deploy.0 = Release|Any CPU
		{DADCE431-6C44-4FF3-B8B8-457A2D64F8FD}.Release|x86.ActiveCfg = Release|Any CPU
		{DADCE431-6C44-4FF3-B8B8-457A2D64F8FD}.Release|x86.Build.0 = Release|Any CPU
		{DADCE431-6C44-4FF3-B8B8-457A2D64F8FD}.Release|x86.Deploy.0 = Release|Any CPU
		{1A84ADB0-20C2-45D2-97EF-004928447760}.Ad-Hoc|Any CPU.ActiveCfg = Ad-Hoc|iPhone
		{1A84ADB0-20C2-45D2-97EF-004928447760}.Ad-Hoc|Any CPU.Build.0 = Ad-Hoc|iPhone
		{1A84ADB0-20C2-45D2-97EF-004928447760}.Ad-Hoc|Any CPU.Deploy.0 = Ad-Hoc|iPhone
		{1A84ADB0-20C2-45D2-97EF-004928447760}.Ad-Hoc|ARM.ActiveCfg = Ad-Hoc|iPhone
		{1A84ADB0-20C2-45D2-97EF-004928447760}.Ad-Hoc|ARM.Build.0 = Ad-Hoc|iPhone
		{1A84ADB0-20C2-45D2-97EF-004928447760}.Ad-Hoc|ARM.Deploy.0 = Ad-Hoc|iPhone
		{1A84ADB0-20C2-45D2-97EF-004928447760}.Ad-Hoc|iPhone.ActiveCfg = Ad-Hoc|iPhone
		{1A84ADB0-20C2-45D2-97EF-004928447760}.Ad-Hoc|iPhone.Build.0 = Ad-Hoc|iPhone
		{1A84ADB0-20C2-45D2-97EF-004928447760}.Ad-Hoc|iPhone.Deploy.0 = Ad-Hoc|iPhone
		{1A84ADB0-20C2-45D2-97EF-004928447760}.Ad-Hoc|iPhoneSimulator.ActiveCfg = Ad-Hoc|iPhoneSimulator
		{1A84ADB0-20C2-45D2-97EF-004928447760}.Ad-Hoc|iPhoneSimulator.Build.0 = Ad-Hoc|iPhoneSimulator
		{1A84ADB0-20C2-45D2-97EF-004928447760}.Ad-Hoc|iPhoneSimulator.Deploy.0 = Ad-Hoc|iPhoneSimulator
		{1A84ADB0-20C2-45D2-97EF-004928447760}.Ad-Hoc|x64.ActiveCfg = Ad-Hoc|iPhone
		{1A84ADB0-20C2-45D2-97EF-004928447760}.Ad-Hoc|x64.Build.0 = Ad-Hoc|iPhone
		{1A84ADB0-20C2-45D2-97EF-004928447760}.Ad-Hoc|x64.Deploy.0 = Ad-Hoc|iPhone
		{1A84ADB0-20C2-45D2-97EF-004928447760}.Ad-Hoc|x86.ActiveCfg = Ad-Hoc|iPhone
		{1A84ADB0-20C2-45D2-97EF-004928447760}.Ad-Hoc|x86.Build.0 = Ad-Hoc|iPhone
		{1A84ADB0-20C2-45D2-97EF-004928447760}.Ad-Hoc|x86.Deploy.0 = Ad-Hoc|iPhone
		{1A84ADB0-20C2-45D2-97EF-004928447760}.AppStore|Any CPU.ActiveCfg = AppStore|iPhone
		{1A84ADB0-20C2-45D2-97EF-004928447760}.AppStore|Any CPU.Build.0 = AppStore|iPhone
		{1A84ADB0-20C2-45D2-97EF-004928447760}.AppStore|Any CPU.Deploy.0 = AppStore|iPhone
		{1A84ADB0-20C2-45D2-97EF-004928447760}.AppStore|ARM.ActiveCfg = AppStore|iPhone
		{1A84ADB0-20C2-45D2-97EF-004928447760}.AppStore|ARM.Build.0 = AppStore|iPhone
		{1A84ADB0-20C2-45D2-97EF-004928447760}.AppStore|ARM.Deploy.0 = AppStore|iPhone
		{1A84ADB0-20C2-45D2-97EF-004928447760}.AppStore|iPhone.ActiveCfg = AppStore|iPhone
		{1A84ADB0-20C2-45D2-97EF-004928447760}.AppStore|iPhone.Build.0 = AppStore|iPhone
		{1A84ADB0-20C2-45D2-97EF-004928447760}.AppStore|iPhone.Deploy.0 = AppStore|iPhone
		{1A84ADB0-20C2-45D2-97EF-004928447760}.AppStore|iPhoneSimulator.ActiveCfg = AppStore|iPhoneSimulator
		{1A84ADB0-20C2-45D2-97EF-004928447760}.AppStore|iPhoneSimulator.Build.0 = AppStore|iPhoneSimulator
		{1A84ADB0-20C2-45D2-97EF-004928447760}.AppStore|iPhoneSimulator.Deploy.0 = AppStore|iPhoneSimulator
		{1A84ADB0-20C2-45D2-97EF-004928447760}.AppStore|x64.ActiveCfg = AppStore|iPhone
		{1A84ADB0-20C2-45D2-97EF-004928447760}.AppStore|x64.Build.0 = AppStore|iPhone
		{1A84ADB0-20C2-45D2-97EF-004928447760}.AppStore|x64.Deploy.0 = AppStore|iPhone
		{1A84ADB0-20C2-45D2-97EF-004928447760}.AppStore|x86.ActiveCfg = AppStore|iPhone
		{1A84ADB0-20C2-45D2-97EF-004928447760}.AppStore|x86.Build.0 = AppStore|iPhone
		{1A84ADB0-20C2-45D2-97EF-004928447760}.AppStore|x86.Deploy.0 = AppStore|iPhone
		{1A84ADB0-20C2-45D2-97EF-004928447760}.Debug|Any CPU.ActiveCfg = Debug|iPhoneSimulator
		{1A84ADB0-20C2-45D2-97EF-004928447760}.Debug|Any CPU.Build.0 = Debug|iPhoneSimulator
		{1A84ADB0-20C2-45D2-97EF-004928447760}.Debug|Any CPU.Deploy.0 = Debug|iPhoneSimulator
		{1A84ADB0-20C2-45D2-97EF-004928447760}.Debug|ARM.ActiveCfg = Debug|iPhone
		{1A84ADB0-20C2-45D2-97EF-004928447760}.Debug|ARM.Build.0 = Debug|iPhone
		{1A84ADB0-20C2-45D2-97EF-004928447760}.Debug|ARM.Deploy.0 = Debug|iPhone
		{1A84ADB0-20C2-45D2-97EF-004928447760}.Debug|iPhone.ActiveCfg = Debug|iPhone
		{1A84ADB0-20C2-45D2-97EF-004928447760}.Debug|iPhone.Build.0 = Debug|iPhone
		{1A84ADB0-20C2-45D2-97EF-004928447760}.Debug|iPhone.Deploy.0 = Debug|iPhone
		{1A84ADB0-20C2-45D2-97EF-004928447760}.Debug|iPhoneSimulator.ActiveCfg = Debug|iPhoneSimulator
		{1A84ADB0-20C2-45D2-97EF-004928447760}.Debug|iPhoneSimulator.Build.0 = Debug|iPhoneSimulator
		{1A84ADB0-20C2-45D2-97EF-004928447760}.Debug|iPhoneSimulator.Deploy.0 = Debug|iPhoneSimulator
		{1A84ADB0-20C2-45D2-97EF-004928447760}.Debug|x64.ActiveCfg = Debug|iPhone
		{1A84ADB0-20C2-45D2-97EF-004928447760}.Debug|x64.Build.0 = Debug|iPhone
		{1A84ADB0-20C2-45D2-97EF-004928447760}.Debug|x64.Deploy.0 = Debug|iPhone
		{1A84ADB0-20C2-45D2-97EF-004928447760}.Debug|x86.ActiveCfg = Debug|iPhone
		{1A84ADB0-20C2-45D2-97EF-004928447760}.Debug|x86.Build.0 = Debug|iPhone
		{1A84ADB0-20C2-45D2-97EF-004928447760}.Debug|x86.Deploy.0 = Debug|iPhone
		{1A84ADB0-20C2-45D2-97EF-004928447760}.Release|Any CPU.ActiveCfg = Release|iPhone
		{1A84ADB0-20C2-45D2-97EF-004928447760}.Release|Any CPU.Build.0 = Release|iPhone
		{1A84ADB0-20C2-45D2-97EF-004928447760}.Release|Any CPU.Deploy.0 = Release|iPhone
		{1A84ADB0-20C2-45D2-97EF-004928447760}.Release|ARM.ActiveCfg = Release|iPhone
		{1A84ADB0-20C2-45D2-97EF-004928447760}.Release|ARM.Build.0 = Release|iPhone
		{1A84ADB0-20C2-45D2-97EF-004928447760}.Release|ARM.Deploy.0 = Release|iPhone
		{1A84ADB0-20C2-45D2-97EF-004928447760}.Release|iPhone.ActiveCfg = Release|iPhone
		{1A84ADB0-20C2-45D2-97EF-004928447760}.Release|iPhone.Build.0 = Release|iPhone
		{1A84ADB0-20C2-45D2-97EF-004928447760}.Release|iPhone.Deploy.0 = Release|iPhone
		{1A84ADB0-20C2-45D2-97EF-004928447760}.Release|iPhoneSimulator.ActiveCfg = Release|iPhoneSimulator
		{1A84ADB0-20C2-45D2-97EF-004928447760}.Release|iPhoneSimulator.Build.0 = Release|iPhoneSimulator
		{1A84ADB0-20C2-45D2-97EF-004928447760}.Release|iPhoneSimulator.Deploy.0 = Release|iPhoneSimulator
		{1A84ADB0-20C2-45D2-97EF-004928447760}.Release|x64.ActiveCfg = Release|iPhone
		{1A84ADB0-20C2-45D2-97EF-004928447760}.Release|x64.Build.0 = Release|iPhone
		{1A84ADB0-20C2-45D2-97EF-004928447760}.Release|x64.Deploy.0 = Release|iPhone
		{1A84ADB0-20C2-45D2-97EF-004928447760}.Release|x86.ActiveCfg = Release|iPhone
		{1A84ADB0-20C2-45D2-97EF-004928447760}.Release|x86.Build.0 = Release|iPhone
		{1A84ADB0-20C2-45D2-97EF-004928447760}.Release|x86.Deploy.0 = Release|iPhone
		{4B5D3B47-BD98-484F-AFF0-4E8640B38555}.Ad-Hoc|Any CPU.ActiveCfg = Release|x86
		{4B5D3B47-BD98-484F-AFF0-4E8640B38555}.Ad-Hoc|Any CPU.Build.0 = Release|x86
		{4B5D3B47-BD98-484F-AFF0-4E8640B38555}.Ad-Hoc|Any CPU.Deploy.0 = Release|x86
		{4B5D3B47-BD98-484F-AFF0-4E8640B38555}.Ad-Hoc|ARM.ActiveCfg = Release|ARM
		{4B5D3B47-BD98-484F-AFF0-4E8640B38555}.Ad-Hoc|ARM.Build.0 = Release|ARM
		{4B5D3B47-BD98-484F-AFF0-4E8640B38555}.Ad-Hoc|ARM.Deploy.0 = Release|ARM
		{4B5D3B47-BD98-484F-AFF0-4E8640B38555}.Ad-Hoc|iPhone.ActiveCfg = Release|x86
		{4B5D3B47-BD98-484F-AFF0-4E8640B38555}.Ad-Hoc|iPhone.Build.0 = Release|x86
		{4B5D3B47-BD98-484F-AFF0-4E8640B38555}.Ad-Hoc|iPhone.Deploy.0 = Release|x86
		{4B5D3B47-BD98-484F-AFF0-4E8640B38555}.Ad-Hoc|iPhoneSimulator.ActiveCfg = Release|x86
		{4B5D3B47-BD98-484F-AFF0-4E8640B38555}.Ad-Hoc|iPhoneSimulator.Build.0 = Release|x86
		{4B5D3B47-BD98-484F-AFF0-4E8640B38555}.Ad-Hoc|iPhoneSimulator.Deploy.0 = Release|x86
		{4B5D3B47-BD98-484F-AFF0-4E8640B38555}.Ad-Hoc|x64.ActiveCfg = Release|x64
		{4B5D3B47-BD98-484F-AFF0-4E8640B38555}.Ad-Hoc|x64.Build.0 = Release|x64
		{4B5D3B47-BD98-484F-AFF0-4E8640B38555}.Ad-Hoc|x64.Deploy.0 = Release|x64
		{4B5D3B47-BD98-484F-AFF0-4E8640B38555}.Ad-Hoc|x86.ActiveCfg = Release|x86
		{4B5D3B47-BD98-484F-AFF0-4E8640B38555}.Ad-Hoc|x86.Build.0 = Release|x86
		{4B5D3B47-BD98-484F-AFF0-4E8640B38555}.Ad-Hoc|x86.Deploy.0 = Release|x86
		{4B5D3B47-BD98-484F-AFF0-4E8640B38555}.AppStore|Any CPU.ActiveCfg = Release|x86
		{4B5D3B47-BD98-484F-AFF0-4E8640B38555}.AppStore|Any CPU.Build.0 = Release|x86
		{4B5D3B47-BD98-484F-AFF0-4E8640B38555}.AppStore|Any CPU.Deploy.0 = Release|x86
		{4B5D3B47-BD98-484F-AFF0-4E8640B38555}.AppStore|ARM.ActiveCfg = Release|ARM
		{4B5D3B47-BD98-484F-AFF0-4E8640B38555}.AppStore|ARM.Build.0 = Release|ARM
		{4B5D3B47-BD98-484F-AFF0-4E8640B38555}.AppStore|ARM.Deploy.0 = Release|ARM
		{4B5D3B47-BD98-484F-AFF0-4E8640B38555}.AppStore|iPhone.ActiveCfg = Release|x86
		{4B5D3B47-BD98-484F-AFF0-4E8640B38555}.AppStore|iPhone.Build.0 = Release|x86
		{4B5D3B47-BD98-484F-AFF0-4E8640B38555}.AppStore|iPhone.Deploy.0 = Release|x86
		{4B5D3B47-BD98-484F-AFF0-4E8640B38555}.AppStore|iPhoneSimulator.ActiveCfg = Release|x86
		{4B5D3B47-BD98-484F-AFF0-4E8640B38555}.AppStore|iPhoneSimulator.Build.0 = Release|x86
		{4B5D3B47-BD98-484F-AFF0-4E8640B38555}.AppStore|iPhoneSimulator.Deploy.0 = Release|x86
		{4B5D3B47-BD98-484F-AFF0-4E8640B38555}.AppStore|x64.ActiveCfg = Release|x64
		{4B5D3B47-BD98-484F-AFF0-4E8640B38555}.AppStore|x64.Build.0 = Release|x64
		{4B5D3B47-BD98-484F-AFF0-4E8640B38555}.AppStore|x64.Deploy.0 = Release|x64
		{4B5D3B47-BD98-484F-AFF0-4E8640B38555}.AppStore|x86.ActiveCfg = Release|x86
		{4B5D3B47-BD98-484F-AFF0-4E8640B38555}.AppStore|x86.Build.0 = Release|x86
		{4B5D3B47-BD98-484F-AFF0-4E8640B38555}.AppStore|x86.Deploy.0 = Release|x86
		{4B5D3B47-BD98-484F-AFF0-4E8640B38555}.Debug|Any CPU.ActiveCfg = Debug|x86
		{4B5D3B47-BD98-484F-AFF0-4E8640B38555}.Debug|Any CPU.Build.0 = Debug|x86
		{4B5D3B47-BD98-484F-AFF0-4E8640B38555}.Debug|Any CPU.Deploy.0 = Debug|x86
		{4B5D3B47-BD98-484F-AFF0-4E8640B38555}.Debug|ARM.ActiveCfg = Debug|ARM
		{4B5D3B47-BD98-484F-AFF0-4E8640B38555}.Debug|ARM.Build.0 = Debug|ARM
		{4B5D3B47-BD98-484F-AFF0-4E8640B38555}.Debug|ARM.Deploy.0 = Debug|ARM
		{4B5D3B47-BD98-484F-AFF0-4E8640B38555}.Debug|iPhone.ActiveCfg = Debug|x86
		{4B5D3B47-BD98-484F-AFF0-4E8640B38555}.Debug|iPhone.Build.0 = Debug|x86
		{4B5D3B47-BD98-484F-AFF0-4E8640B38555}.Debug|iPhone.Deploy.0 = Debug|x86
		{4B5D3B47-BD98-484F-AFF0-4E8640B38555}.Debug|iPhoneSimulator.ActiveCfg = Debug|x86
		{4B5D3B47-BD98-484F-AFF0-4E8640B38555}.Debug|iPhoneSimulator.Build.0 = Debug|x86
		{4B5D3B47-BD98-484F-AFF0-4E8640B38555}.Debug|iPhoneSimulator.Deploy.0 = Debug|x86
		{4B5D3B47-BD98-484F-AFF0-4E8640B38555}.Debug|x64.ActiveCfg = Debug|x64
		{4B5D3B47-BD98-484F-AFF0-4E8640B38555}.Debug|x64.Build.0 = Debug|x64
		{4B5D3B47-BD98-484F-AFF0-4E8640B38555}.Debug|x64.Deploy.0 = Debug|x64
		{4B5D3B47-BD98-484F-AFF0-4E8640B38555}.Debug|x86.ActiveCfg = Debug|x86
		{4B5D3B47-BD98-484F-AFF0-4E8640B38555}.Debug|x86.Build.0 = Debug|x86
		{4B5D3B47-BD98-484F-AFF0-4E8640B38555}.Debug|x86.Deploy.0 = Debug|x86
		{4B5D3B47-BD98-484F-AFF0-4E8640B38555}.Release|Any CPU.ActiveCfg = Release|x86
		{4B5D3B47-BD98-484F-AFF0-4E8640B38555}.Release|Any CPU.Build.0 = Release|x86
		{4B5D3B47-BD98-484F-AFF0-4E8640B38555}.Release|Any CPU.Deploy.0 = Release|x86
		{4B5D3B47-BD98-484F-AFF0-4E8640B38555}.Release|ARM.ActiveCfg = Release|ARM
		{4B5D3B47-BD98-484F-AFF0-4E8640B38555}.Release|ARM.Build.0 = Release|ARM
		{4B5D3B47-BD98-484F-AFF0-4E8640B38555}.Release|ARM.Deploy.0 = Release|ARM
		{4B5D3B47-BD98-484F-AFF0-4E8640B38555}.Release|iPhone.ActiveCfg = Release|x86
		{4B5D3B47-BD98-484F-AFF0-4E8640B38555}.Release|iPhone.Build.0 = Release|x86
		{4B5D3B47-BD98-484F-AFF0-4E8640B38555}.Release|iPhone.Deploy.0 = Release|x86
		{4B5D3B47-BD98-484F-AFF0-4E8640B38555}.Release|iPhoneSimulator.ActiveCfg = Release|x86
		{4B5D3B47-BD98-484F-AFF0-4E8640B38555}.Release|iPhoneSimulator.Build.0 = Release|x86
		{4B5D3B47-BD98-484F-AFF0-4E8640B38555}.Release|iPhoneSimulator.Deploy.0 = Release|x86
		{4B5D3B47-BD98-484F-AFF0-4E8640B38555}.Release|x64.ActiveCfg = Release|x64
		{4B5D3B47-BD98-484F-AFF0-4E8640B38555}.Release|x64.Build.0 = Release|x64
		{4B5D3B47-BD98-484F-AFF0-4E8640B38555}.Release|x64.Deploy.0 = Release|x64
		{4B5D3B47-BD98-484F-AFF0-4E8640B38555}.Release|x86.ActiveCfg = Release|x86
		{4B5D3B47-BD98-484F-AFF0-4E8640B38555}.Release|x86.Build.0 = Release|x86
		{4B5D3B47-BD98-484F-AFF0-4E8640B38555}.Release|x86.Deploy.0 = Release|x86
		{5EACD828-591A-4961-9CEE-A7A33DA09D59}.Ad-Hoc|Any CPU.ActiveCfg = Debug|Any CPU
		{5EACD828-591A-4961-9CEE-A7A33DA09D59}.Ad-Hoc|Any CPU.Build.0 = Debug|Any CPU
		{5EACD828-591A-4961-9CEE-A7A33DA09D59}.Ad-Hoc|Any CPU.Deploy.0 = Debug|Any CPU
		{5EACD828-591A-4961-9CEE-A7A33DA09D59}.Ad-Hoc|ARM.ActiveCfg = Debug|Any CPU
		{5EACD828-591A-4961-9CEE-A7A33DA09D59}.Ad-Hoc|ARM.Build.0 = Debug|Any CPU
		{5EACD828-591A-4961-9CEE-A7A33DA09D59}.Ad-Hoc|ARM.Deploy.0 = Debug|Any CPU
		{5EACD828-591A-4961-9CEE-A7A33DA09D59}.Ad-Hoc|iPhone.ActiveCfg = Debug|Any CPU
		{5EACD828-591A-4961-9CEE-A7A33DA09D59}.Ad-Hoc|iPhone.Build.0 = Debug|Any CPU
		{5EACD828-591A-4961-9CEE-A7A33DA09D59}.Ad-Hoc|iPhone.Deploy.0 = Debug|Any CPU
		{5EACD828-591A-4961-9CEE-A7A33DA09D59}.Ad-Hoc|iPhoneSimulator.ActiveCfg = Debug|Any CPU
		{5EACD828-591A-4961-9CEE-A7A33DA09D59}.Ad-Hoc|iPhoneSimulator.Build.0 = Debug|Any CPU
		{5EACD828-591A-4961-9CEE-A7A33DA09D59}.Ad-Hoc|iPhoneSimulator.Deploy.0 = Debug|Any CPU
		{5EACD828-591A-4961-9CEE-A7A33DA09D59}.Ad-Hoc|x64.ActiveCfg = Debug|Any CPU
		{5EACD828-591A-4961-9CEE-A7A33DA09D59}.Ad-Hoc|x64.Build.0 = Debug|Any CPU
		{5EACD828-591A-4961-9CEE-A7A33DA09D59}.Ad-Hoc|x64.Deploy.0 = Debug|Any CPU
		{5EACD828-591A-4961-9CEE-A7A33DA09D59}.Ad-Hoc|x86.ActiveCfg = Debug|Any CPU
		{5EACD828-591A-4961-9CEE-A7A33DA09D59}.Ad-Hoc|x86.Build.0 = Debug|Any CPU
		{5EACD828-591A-4961-9CEE-A7A33DA09D59}.Ad-Hoc|x86.Deploy.0 = Debug|Any CPU
		{5EACD828-591A-4961-9CEE-A7A33DA09D59}.AppStore|Any CPU.ActiveCfg = Debug|Any CPU
		{5EACD828-591A-4961-9CEE-A7A33DA09D59}.AppStore|Any CPU.Build.0 = Debug|Any CPU
		{5EACD828-591A-4961-9CEE-A7A33DA09D59}.AppStore|Any CPU.Deploy.0 = Debug|Any CPU
		{5EACD828-591A-4961-9CEE-A7A33DA09D59}.AppStore|ARM.ActiveCfg = Debug|Any CPU
		{5EACD828-591A-4961-9CEE-A7A33DA09D59}.AppStore|ARM.Build.0 = Debug|Any CPU
		{5EACD828-591A-4961-9CEE-A7A33DA09D59}.AppStore|ARM.Deploy.0 = Debug|Any CPU
		{5EACD828-591A-4961-9CEE-A7A33DA09D59}.AppStore|iPhone.ActiveCfg = Debug|Any CPU
		{5EACD828-591A-4961-9CEE-A7A33DA09D59}.AppStore|iPhone.Build.0 = Debug|Any CPU
		{5EACD828-591A-4961-9CEE-A7A33DA09D59}.AppStore|iPhone.Deploy.0 = Debug|Any CPU
		{5EACD828-591A-4961-9CEE-A7A33DA09D59}.AppStore|iPhoneSimulator.ActiveCfg = Debug|Any CPU
		{5EACD828-591A-4961-9CEE-A7A33DA09D59}.AppStore|iPhoneSimulator.Build.0 = Debug|Any CPU
		{5EACD828-591A-4961-9CEE-A7A33DA09D59}.AppStore|iPhoneSimulator.Deploy.0 = Debug|Any CPU
		{5EACD828-591A-4961-9CEE-A7A33DA09D59}.AppStore|x64.ActiveCfg = Debug|Any CPU
		{5EACD828-591A-4961-9CEE-A7A33DA09D59}.AppStore|x64.Build.0 = Debug|Any CPU
		{5EACD828-591A-4961-9CEE-A7A33DA09D59}.AppStore|x64.Deploy.0 = Debug|Any CPU
		{5EACD828-591A-4961-9CEE-A7A33DA09D59}.AppStore|x86.ActiveCfg = Debug|Any CPU
		{5EACD828-591A-4961-9CEE-A7A33DA09D59}.AppStore|x86.Build.0 = Debug|Any CPU
		{5EACD828-591A-4961-9CEE-A7A33DA09D59}.AppStore|x86.Deploy.0 = Debug|Any CPU
		{5EACD828-591A-4961-9CEE-A7A33DA09D59}.Debug|Any CPU.ActiveCfg = Debug|Any CPU
		{5EACD828-591A-4961-9CEE-A7A33DA09D59}.Debug|Any CPU.Build.0 = Debug|Any CPU
		{5EACD828-591A-4961-9CEE-A7A33DA09D59}.Debug|Any CPU.Deploy.0 = Debug|Any CPU
		{5EACD828-591A-4961-9CEE-A7A33DA09D59}.Debug|ARM.ActiveCfg = Debug|Any CPU
		{5EACD828-591A-4961-9CEE-A7A33DA09D59}.Debug|ARM.Build.0 = Debug|Any CPU
		{5EACD828-591A-4961-9CEE-A7A33DA09D59}.Debug|ARM.Deploy.0 = Debug|Any CPU
		{5EACD828-591A-4961-9CEE-A7A33DA09D59}.Debug|iPhone.ActiveCfg = Debug|Any CPU
		{5EACD828-591A-4961-9CEE-A7A33DA09D59}.Debug|iPhone.Build.0 = Debug|Any CPU
		{5EACD828-591A-4961-9CEE-A7A33DA09D59}.Debug|iPhone.Deploy.0 = Debug|Any CPU
		{5EACD828-591A-4961-9CEE-A7A33DA09D59}.Debug|iPhoneSimulator.ActiveCfg = Debug|Any CPU
		{5EACD828-591A-4961-9CEE-A7A33DA09D59}.Debug|iPhoneSimulator.Build.0 = Debug|Any CPU
		{5EACD828-591A-4961-9CEE-A7A33DA09D59}.Debug|iPhoneSimulator.Deploy.0 = Debug|Any CPU
		{5EACD828-591A-4961-9CEE-A7A33DA09D59}.Debug|x64.ActiveCfg = Debug|Any CPU
		{5EACD828-591A-4961-9CEE-A7A33DA09D59}.Debug|x64.Build.0 = Debug|Any CPU
		{5EACD828-591A-4961-9CEE-A7A33DA09D59}.Debug|x64.Deploy.0 = Debug|Any CPU
		{5EACD828-591A-4961-9CEE-A7A33DA09D59}.Debug|x86.ActiveCfg = Debug|Any CPU
		{5EACD828-591A-4961-9CEE-A7A33DA09D59}.Debug|x86.Build.0 = Debug|Any CPU
		{5EACD828-591A-4961-9CEE-A7A33DA09D59}.Debug|x86.Deploy.0 = Debug|Any CPU
		{5EACD828-591A-4961-9CEE-A7A33DA09D59}.Release|Any CPU.ActiveCfg = Release|Any CPU
		{5EACD828-591A-4961-9CEE-A7A33DA09D59}.Release|Any CPU.Build.0 = Release|Any CPU
		{5EACD828-591A-4961-9CEE-A7A33DA09D59}.Release|Any CPU.Deploy.0 = Release|Any CPU
		{5EACD828-591A-4961-9CEE-A7A33DA09D59}.Release|ARM.ActiveCfg = Release|Any CPU
		{5EACD828-591A-4961-9CEE-A7A33DA09D59}.Release|ARM.Build.0 = Release|Any CPU
		{5EACD828-591A-4961-9CEE-A7A33DA09D59}.Release|ARM.Deploy.0 = Release|Any CPU
		{5EACD828-591A-4961-9CEE-A7A33DA09D59}.Release|iPhone.ActiveCfg = Release|Any CPU
		{5EACD828-591A-4961-9CEE-A7A33DA09D59}.Release|iPhone.Build.0 = Release|Any CPU
		{5EACD828-591A-4961-9CEE-A7A33DA09D59}.Release|iPhone.Deploy.0 = Release|Any CPU
		{5EACD828-591A-4961-9CEE-A7A33DA09D59}.Release|iPhoneSimulator.ActiveCfg = Release|Any CPU
		{5EACD828-591A-4961-9CEE-A7A33DA09D59}.Release|iPhoneSimulator.Build.0 = Release|Any CPU
		{5EACD828-591A-4961-9CEE-A7A33DA09D59}.Release|iPhoneSimulator.Deploy.0 = Release|Any CPU
		{5EACD828-591A-4961-9CEE-A7A33DA09D59}.Release|x64.ActiveCfg = Release|Any CPU
		{5EACD828-591A-4961-9CEE-A7A33DA09D59}.Release|x64.Build.0 = Release|Any CPU
		{5EACD828-591A-4961-9CEE-A7A33DA09D59}.Release|x64.Deploy.0 = Release|Any CPU
		{5EACD828-591A-4961-9CEE-A7A33DA09D59}.Release|x86.ActiveCfg = Release|Any CPU
		{5EACD828-591A-4961-9CEE-A7A33DA09D59}.Release|x86.Build.0 = Release|Any CPU
		{5EACD828-591A-4961-9CEE-A7A33DA09D59}.Release|x86.Deploy.0 = Release|Any CPU
	EndGlobalSection
	GlobalSection(SolutionProperties) = preSolution
		HideSolutionNode = FALSE
	EndGlobalSection
	GlobalSection(ExtensibilityGlobals) = postSolution
		SolutionGuid = {47399F31-5BCF-4D85-B0C1-DC0A32DA4E17}
	EndGlobalSection
EndGlobal
